{
    "_meta": {
        "hash": {
            "sha256": "85fe5fddcaab64129a9187c584db042f2dc0e7e9b0530bbd51375a706293516f"
        },
        "pipfile-spec": 6,
        "requires": {
            "python_version": "3.6"
        },
        "sources": [
            {
                "name": "pypi",
                "url": "https://pypi.org/simple",
                "verify_ssl": true
            }
        ]
    },
    "default": {
        "aiofiles": {
            "hashes": [
                "sha256:25c66ea3872d05d53292a6b3f7fa0f86691512076446d83a505d227b5e76f668",
                "sha256:852a493a877b73e11823bfd4e8e5ef2610d70d12c9eaed961bcd9124d8de8c10"
            ],
            "version": "==0.3.2"
        },
        "aniso8601": {
            "hashes": [
                "sha256:7849749cf00ae0680ad2bdfe4419c7a662bef19c03691a19e008c8b9a5267802",
                "sha256:94f90871fcd314a458a3d4eca1c84448efbd200e86f55fe4c733c7a40149ef50"
            ],
            "version": "==3.0.2"
        },
        "graphene": {
            "hashes": [
                "sha256:b8ec446d17fa68721636eaad3d6adc1a378cb6323e219814c8f98c9928fc9642",
                "sha256:faa26573b598b22ffd274e2fd7a4c52efa405dcca96e01a62239482246248aa3"
            ],
            "index": "pypi",
            "version": "==2.1.3"
        },
        "graphql-core": {
            "hashes": [
                "sha256:889e869be5574d02af77baf1f30b5db9ca2959f1c9f5be7b2863ead5a3ec6181",
                "sha256:9462e22e32c7f03b667373ec0a84d95fba10e8ce2ead08f29fbddc63b671b0c1"
            ],
            "version": "==2.1"
        },
        "graphql-relay": {
            "hashes": [
                "sha256:2716b7245d97091af21abf096fabafac576905096d21ba7118fba722596f65db"
            ],
            "version": "==0.4.5"
        },
        "graphql-server-core": {
            "hashes": [
                "sha256:e5f82add4b3d5580aa1f1e7d9f00e944ad3abe1b65eb337e611d6a77cc20f231"
            ],
            "version": "==1.1.1"
        },
        "httptools": {
            "hashes": [
                "sha256:04c7703bbef0e8ca28b09811547352b8c7c20549eab70dc24e536bb24fd2b7c5"
            ],
            "version": "==0.0.11"
        },
        "promise": {
            "hashes": [
                "sha256:0bca4ed933e3d50e3d18fb54fc1432fa84b0564838cd093e824abcd718ab9304",
                "sha256:95506bac89df7a495e0b8c813fd782dd1ae590decb52f95248e316c6659ca49b"
            ],
            "version": "==2.1"
        },
        "pytest-runner": {
            "hashes": [
                "sha256:d23f117be39919f00dd91bffeb4f15e031ec797501b717a245e377aee0f577be",
                "sha256:d987fec1e31287592ffe1cb823a8c613c533db4c6aaca0ee1191dbc91e2fcc61"
            ],
            "version": "==4.2"
        },
        "rx": {
            "hashes": [
                "sha256:13a1d8d9e252625c173dc795471e614eadfe1cf40ffc684e08b8fff0d9748c23",
                "sha256:7357592bc7e881a95e0c2013b73326f704953301ab551fbc8133a6fadab84105"
            ],
            "version": "==1.6.1"
        },
        "sanic": {
            "hashes": [
                "sha256:18a3bd729093ac93a245849c44045c505a11e6d36da5bf231cb986bfb1e3c14c",
                "sha256:22b1a6f1dc55db8a136335cb0961afa95040ca78aa8c78425a40d91e8618e60e"
            ],
            "index": "pypi",
            "version": "==0.7.0"
        },
        "sanic-graphql": {
            "hashes": [
                "sha256:6aab908e849bbbc5dc5ba01df7599769a03fc9693fb793654c6537f7aaec4e2d"
            ],
            "index": "pypi",
            "version": "==1.1.0"
        },
        "six": {
            "hashes": [
                "sha256:70e8a77beed4562e7f14fe23a786b54f6296e34344c23bc42f07b15018ff98e9",
                "sha256:832dc0e10feb1aa2c68dcc57dbb658f1c7e65b9b61af69048abc87a2db00a0eb"
            ],
            "version": "==1.11.0"
        },
        "typing": {
            "hashes": [
                "sha256:3a887b021a77b292e151afb75323dea88a7bc1b3dfa92176cff8e44c8b68bddf",
                "sha256:b2c689d54e1144bbcfd191b0832980a21c2dbcf7b5ff7a66248a60c90e951eb8",
                "sha256:d400a9344254803a2368533e4533a4200d21eb7b6b729c173bc38201a74db3f2"
            ],
            "version": "==3.6.4"
        },
        "ujson": {
            "hashes": [
                "sha256:f66073e5506e91d204ab0c614a148d5aa938bdbf104751be66f8ad7a222f5f86"
            ],
            "version": "==1.35"
        },
        "uvloop": {
            "hashes": [
                "sha256:34138af5f6ced8f2f2ba39b487119988f5055245223a330de71957c8a6713b84",
                "sha256:5336c76cd5a984b3d614170fe7a90f8cbda69eae2d9b69f00439afad86841cfd",
                "sha256:66268d184b37b1b6952dfa912b46baee41f23b51235665c7c0c01871ee893db4",
                "sha256:9803fe492b5776e2a3a256dc43f14e14627f549614c6d791acd5f1f599a33599",
                "sha256:a23ab4551f9e28fea66bebc1851e6834daa25ab708c3c86c3cbab0f93fb337cb",
                "sha256:b53401e3f77ff3828cf8e6bdc4155b18d6106ea56c8a338eb90de5e40373e18e",
                "sha256:d43830035386a5605e5ce385b75651170f2c821aa9ad7566794ac21814e4e367",
                "sha256:dbc7158699e20eadcce6d6bcfcfc4541e557557c839217b79cc25e6d5a0d072a",
                "sha256:ea31e75620c63d5507cc3c0bbe9646e6d8fea81f93c643ba631f2ab7d84d1f60",
                "sha256:edfd7e24cf8b68d6d4228066251c91884bb142b4ed62e6189602f50c44240d90"
            ],
            "version": "==0.11.0"
        },
        "websockets": {
            "hashes": [
                "sha256:0e2f7d6567838369af074f0ef4d0b802d19fa1fee135d864acc656ceefa33136",
                "sha256:2a16dac282b2fdae75178d0ed3d5b9bc3258dabfae50196cbb30578d84b6f6a6",
                "sha256:5a1fa6072405648cb5b3688e9ed3b94be683ce4a4e5723e6f5d34859dee495c1",
                "sha256:5c1f55a1274df9d6a37553fef8cff2958515438c58920897675c9bc70f5a0538",
                "sha256:669d1e46f165e0ad152ed8197f7edead22854a6c90419f544e0f234cc9dac6c4",
                "sha256:695e34c4dbea18d09ab2c258994a8bf6a09564e762655408241f6a14592d2908",
                "sha256:6b2e03d69afa8d20253455e67b64de1a82ff8612db105113cccec35d3f8429f0",
                "sha256:79ca7cdda7ad4e3663ea3c43bfa8637fc5d5604c7737f19a8964781abbd1148d",
                "sha256:7fd2dd9a856f72e6ed06f82facfce01d119b88457cd4b47b7ae501e8e11eba9c",
                "sha256:82c0354ac39379d836719a77ee360ef865377aa6fdead87909d50248d0f05f4d",
                "sha256:8f3b956d11c5b301206382726210dc1d3bee1a9ccf7aadf895aaf31f71c3716c",
                "sha256:91ec98640220ae05b34b79ee88abf27f97ef7c61cf525eec57ea8fcea9f7dddb",
                "sha256:952be9540d83dba815569d5cb5f31708801e0bbfc3a8c5aef1890b57ed7e58bf",
                "sha256:99ac266af38ba1b1fe13975aea01ac0e14bb5f3a3200d2c69f05385768b8568e",
                "sha256:9fa122e7adb24232247f8a89f2d9070bf64b7869daf93ac5e19546b409e47e96",
                "sha256:a0873eadc4b8ca93e2e848d490809e0123eea154aa44ecd0109c4d0171869584",
                "sha256:cb998bd4d93af46b8b49ecf5a72c0a98e5cc6d57fdca6527ba78ad89d6606484",
                "sha256:e02e57346f6a68523e3c43bbdf35dde5c440318d1f827208ae455f6a2ace446d",
                "sha256:e79a5a896bcee7fff24a788d72e5c69f13e61369d055f28113e71945a7eb1559",
                "sha256:ee55eb6bcf23ecc975e6b47c127c201b913598f38b6a300075f84eeef2d3baff",
                "sha256:f1414e6cbcea8d22843e7eafdfdfae3dd1aba41d1945f6ca66e4806c07c4f454"
            ],
            "version": "==6.0"
        }
    },
    "develop": {}
}
